// !$*UTF8*$!
{
	archiveVersion = 1;
	classes = {
	};
	objectVersion = 46;
	objects = {

/* Begin PBXBuildFile section */
		456222511C3B528F00AB4EAF /* AppDelegate.swift in Sources */ = {isa = PBXBuildFile; fileRef = 456222501C3B528F00AB4EAF /* AppDelegate.swift */; };
		456222531C3B528F00AB4EAF /* ViewController.swift in Sources */ = {isa = PBXBuildFile; fileRef = 456222521C3B528F00AB4EAF /* ViewController.swift */; };
		456222561C3B528F00AB4EAF /* Main.storyboard in Resources */ = {isa = PBXBuildFile; fileRef = 456222541C3B528F00AB4EAF /* Main.storyboard */; };
		456222591C3B528F00AB4EAF /* Project.xcdatamodeld in Sources */ = {isa = PBXBuildFile; fileRef = 456222571C3B528F00AB4EAF /* Project.xcdatamodeld */; };
		4562225B1C3B528F00AB4EAF /* Assets.xcassets in Resources */ = {isa = PBXBuildFile; fileRef = 4562225A1C3B528F00AB4EAF /* Assets.xcassets */; };
		4562225E1C3B528F00AB4EAF /* LaunchScreen.storyboard in Resources */ = {isa = PBXBuildFile; fileRef = 4562225C1C3B528F00AB4EAF /* LaunchScreen.storyboard */; };
		456222691C3B528F00AB4EAF /* ProjectTests.swift in Sources */ = {isa = PBXBuildFile; fileRef = 456222681C3B528F00AB4EAF /* ProjectTests.swift */; };
		456222741C3B528F00AB4EAF /* ProjectUITests.swift in Sources */ = {isa = PBXBuildFile; fileRef = 456222731C3B528F00AB4EAF /* ProjectUITests.swift */; };
/* End PBXBuildFile section */

/* Begin PBXContainerItemProxy section */
		456222651C3B528F00AB4EAF /* PBXContainerItemProxy */ = {
			isa = PBXContainerItemProxy;
			containerPortal = 456222451C3B528F00AB4EAF /* Project object */;
			proxyType = 1;
			remoteGlobalIDString = 4562224C1C3B528F00AB4EAF;
			remoteInfo = Project;
		};
		456222701C3B528F00AB4EAF /* PBXContainerItemProxy */ = {
			isa = PBXContainerItemProxy;
			containerPortal = 456222451C3B528F00AB4EAF /* Project object */;
			proxyType = 1;
			remoteGlobalIDString = 4562224C1C3B528F00AB4EAF;
			remoteInfo = Project;
		};
/* End PBXContainerItemProxy section */

/* Begin PBXFileReference section */
		4562224D1C3B528F00AB4EAF /* Project.app */ = {isa = PBXFileReference; explicitFileType = wrapper.application; includeInIndex = 0; path = Project.app; sourceTree = BUILT_PRODUCTS_DIR; };
		456222501C3B528F00AB4EAF /* AppDelegate.swift */ = {isa = PBXFileReference; lastKnownFileType = sourcecode.swift; path = AppDelegate.swift; sourceTree = "<group>"; };
		456222521C3B528F00AB4EAF /* ViewController.swift */ = {isa = PBXFileReference; lastKnownFileType = sourcecode.swift; path = ViewController.swift; sourceTree = "<group>"; };
		456222551C3B528F00AB4EAF /* Base */ = {isa = PBXFileReference; lastKnownFileType = file.storyboard; name = Base; path = Base.lproj/Main.storyboard; sourceTree = "<group>"; };
		456222581C3B528F00AB4EAF /* Project.xcdatamodel */ = {isa = PBXFileReference; lastKnownFileType = wrapper.xcdatamodel; path = Project.xcdatamodel; sourceTree = "<group>"; };
		4562225A1C3B528F00AB4EAF /* Assets.xcassets */ = {isa = PBXFileReference; lastKnownFileType = folder.assetcatalog; path = Assets.xcassets; sourceTree = "<group>"; };
		4562225D1C3B528F00AB4EAF /* Base */ = {isa = PBXFileReference; lastKnownFileType = file.storyboard; name = Base; path = Base.lproj/LaunchScreen.storyboard; sourceTree = "<group>"; };
		4562225F1C3B528F00AB4EAF /* Info.plist */ = {isa = PBXFileReference; lastKnownFileType = text.plist.xml; path = Info.plist; sourceTree = "<group>"; };
		456222641C3B528F00AB4EAF /* ProjectTests.xctest */ = {isa = PBXFileReference; explicitFileType = wrapper.cfbundle; includeInIndex = 0; path = ProjectTests.xctest; sourceTree = BUILT_PRODUCTS_DIR; };
		456222681C3B528F00AB4EAF /* ProjectTests.swift */ = {isa = PBXFileReference; lastKnownFileType = sourcecode.swift; path = ProjectTests.swift; sourceTree = "<group>"; };
		4562226A1C3B528F00AB4EAF /* Info.plist */ = {isa = PBXFileReference; lastKnownFileType = text.plist.xml; path = Info.plist; sourceTree = "<group>"; };
		4562226F1C3B528F00AB4EAF /* ProjectUITests.xctest */ = {isa = PBXFileReference; explicitFileType = wrapper.cfbundle; includeInIndex = 0; path = ProjectUITests.xctest; sourceTree = BUILT_PRODUCTS_DIR; };
		456222731C3B528F00AB4EAF /* ProjectUITests.swift */ = {isa = PBXFileReference; lastKnownFileType = sourcecode.swift; path = ProjectUITests.swift; sourceTree = "<group>"; };
		456222751C3B528F00AB4EAF /* Info.plist */ = {isa = PBXFileReference; lastKnownFileType = text.plist.xml; path = Info.plist; sourceTree = "<group>"; };
/* End PBXFileReference section */

/* Begin PBXFrameworksBuildPhase section */
		4562224A1C3B528F00AB4EAF /* Frameworks */ = {
			isa = PBXFrameworksBuildPhase;
			buildActionMask = 2147483647;
			files = (
			);
			runOnlyForDeploymentPostprocessing = 0;
		};
		456222611C3B528F00AB4EAF /* Frameworks */ = {
			isa = PBXFrameworksBuildPhase;
			buildActionMask = 2147483647;
			files = (
			);
			runOnlyForDeploymentPostprocessing = 0;
		};
		4562226C1C3B528F00AB4EAF /* Frameworks */ = {
			isa = PBXFrameworksBuildPhase;
			buildActionMask = 2147483647;
			files = (
			);
			runOnlyForDeploymentPostprocessing = 0;
		};
/* End PBXFrameworksBuildPhase section */

/* Begin PBXGroup section */
		456222441C3B528F00AB4EAF = {
			isa = PBXGroup;
			children = (
				4562224F1C3B528F00AB4EAF /* Project */,
				456222671C3B528F00AB4EAF /* ProjectTests */,
				456222721C3B528F00AB4EAF /* ProjectUITests */,
				4562224E1C3B528F00AB4EAF /* Products */,
			);
			sourceTree = "<group>";
		};
		4562224E1C3B528F00AB4EAF /* Products */ = {
			isa = PBXGroup;
			children = (
				4562224D1C3B528F00AB4EAF /* Project.app */,
				456222641C3B528F00AB4EAF /* ProjectTests.xctest */,
				4562226F1C3B528F00AB4EAF /* ProjectUITests.xctest */,
			);
			name = Products;
			sourceTree = "<group>";
		};
		4562224F1C3B528F00AB4EAF /* Project */ = {
			isa = PBXGroup;
			children = (
				456222501C3B528F00AB4EAF /* AppDelegate.swift */,
				456222521C3B528F00AB4EAF /* ViewController.swift */,
				456222541C3B528F00AB4EAF /* Main.storyboard */,
				4562225A1C3B528F00AB4EAF /* Assets.xcassets */,
				4562225C1C3B528F00AB4EAF /* LaunchScreen.storyboard */,
				4562225F1C3B528F00AB4EAF /* Info.plist */,
				456222571C3B528F00AB4EAF /* Project.xcdatamodeld */,
			);
			path = Project;
			sourceTree = "<group>";
		};
		456222671C3B528F00AB4EAF /* ProjectTests */ = {
			isa = PBXGroup;
			children = (
				456222681C3B528F00AB4EAF /* ProjectTests.swift */,
				4562226A1C3B528F00AB4EAF /* Info.plist */,
			);
			path = ProjectTests;
			sourceTree = "<group>";
		};
		456222721C3B528F00AB4EAF /* ProjectUITests */ = {
			isa = PBXGroup;
			children = (
				456222731C3B528F00AB4EAF /* ProjectUITests.swift */,
				456222751C3B528F00AB4EAF /* Info.plist */,
			);
			path = ProjectUITests;
			sourceTree = "<group>";
		};
/* End PBXGroup section */

/* Begin PBXNativeTarget section */
		4562224C1C3B528F00AB4EAF /* Project */ = {
			isa = PBXNativeTarget;
			buildConfigurationList = 456222781C3B528F00AB4EAF /* Build configuration list for PBXNativeTarget "Project" */;
			buildPhases = (
				456222491C3B528F00AB4EAF /* Sources */,
				4562224A1C3B528F00AB4EAF /* Frameworks */,
				4562224B1C3B528F00AB4EAF /* Resources */,
			);
			buildRules = (
			);
			dependencies = (
			);
			name = Project;
			productName = Project;
			productReference = 4562224D1C3B528F00AB4EAF /* Project.app */;
			productType = "com.apple.product-type.application";
		};
		456222631C3B528F00AB4EAF /* ProjectTests */ = {
			isa = PBXNativeTarget;
			buildConfigurationList = 4562227B1C3B528F00AB4EAF /* Build configuration list for PBXNativeTarget "ProjectTests" */;
			buildPhases = (
				456222601C3B528F00AB4EAF /* Sources */,
				456222611C3B528F00AB4EAF /* Frameworks */,
				456222621C3B528F00AB4EAF /* Resources */,
			);
			buildRules = (
			);
			dependencies = (
				456222661C3B528F00AB4EAF /* PBXTargetDependency */,
			);
			name = ProjectTests;
			productName = ProjectTests;
			productReference = 456222641C3B528F00AB4EAF /* ProjectTests.xctest */;
			productType = "com.apple.product-type.bundle.unit-test";
		};
		4562226E1C3B528F00AB4EAF /* ProjectUITests */ = {
			isa = PBXNativeTarget;
			buildConfigurationList = 4562227E1C3B528F00AB4EAF /* Build configuration list for PBXNativeTarget "ProjectUITests" */;
			buildPhases = (
				4562226B1C3B528F00AB4EAF /* Sources */,
				4562226C1C3B528F00AB4EAF /* Frameworks */,
				4562226D1C3B528F00AB4EAF /* Resources */,
			);
			buildRules = (
			);
			dependencies = (
				456222711C3B528F00AB4EAF /* PBXTargetDependency */,
			);
			name = ProjectUITests;
			productName = ProjectUITests;
			productReference = 4562226F1C3B528F00AB4EAF /* ProjectUITests.xctest */;
			productType = "com.apple.product-type.bundle.ui-testing";
		};
/* End PBXNativeTarget section */

/* Begin PBXProject section */
		456222451C3B528F00AB4EAF /* Project object */ = {
			isa = PBXProject;
			attributes = {
				LastSwiftUpdateCheck = 0710;
				LastUpgradeCheck = 0710;
				ORGANIZATIONNAME = "PF-Lib";
				TargetAttributes = {
					4562224C1C3B528F00AB4EAF = {
						CreatedOnToolsVersion = 7.1;
					};
					456222631C3B528F00AB4EAF = {
						CreatedOnToolsVersion = 7.1;
						TestTargetID = 4562224C1C3B528F00AB4EAF;
					};
					4562226E1C3B528F00AB4EAF = {
						CreatedOnToolsVersion = 7.1;
						TestTargetID = 4562224C1C3B528F00AB4EAF;
					};
				};
			};
			buildConfigurationList = 456222481C3B528F00AB4EAF /* Build configuration list for PBXProject "Project" */;
			compatibilityVersion = "Xcode 3.2";
			developmentRegion = English;
			hasScannedForEncodings = 0;
			knownRegions = (
				en,
				Base,
			);
			mainGroup = 456222441C3B528F00AB4EAF;
			productRefGroup = 4562224E1C3B528F00AB4EAF /* Products */;
			projectDirPath = "";
			projectRoot = "";
			targets = (
				4562224C1C3B528F00AB4EAF /* Project */,
				456222631C3B528F00AB4EAF /* ProjectTests */,
				4562226E1C3B528F00AB4EAF /* ProjectUITests */,
			);
		};
/* End PBXProject section */

/* Begin PBXResourcesBuildPhase section */
		4562224B1C3B528F00AB4EAF /* Resources */ = {
			isa = PBXResourcesBuildPhase;
			buildActionMask = 2147483647;
			files = (
				4562225E1C3B528F00AB4EAF /* LaunchScreen.storyboard in Resources */,
				4562225B1C3B528F00AB4EAF /* Assets.xcassets in Resources */,
				456222561C3B528F00AB4EAF /* Main.storyboard in Resources */,
			);
			runOnlyForDeploymentPostprocessing = 0;
		};
		456222621C3B528F00AB4EAF /* Resources */ = {
			isa = PBXResourcesBuildPhase;
			buildActionMask = 2147483647;
			files = (
			);
			runOnlyForDeploymentPostprocessing = 0;
		};
		4562226D1C3B528F00AB4EAF /* Resources */ = {
			isa = PBXResourcesBuildPhase;
			buildActionMask = 2147483647;
			files = (
			);
			runOnlyForDeploymentPostprocessing = 0;
		};
/* End PBXResourcesBuildPhase section */

/* Begin PBXSourcesBuildPhase section */
		456222491C3B528F00AB4EAF /* Sources */ = {
			isa = PBXSourcesBuildPhase;
			buildActionMask = 2147483647;
			files = (
				456222531C3B528F00AB4EAF /* ViewController.swift in Sources */,
				456222591C3B528F00AB4EAF /* Project.xcdatamodeld in Sources */,
				456222511C3B528F00AB4EAF /* AppDelegate.swift in Sources */,
			);
			runOnlyForDeploymentPostprocessing = 0;
		};
		456222601C3B528F00AB4EAF /* Sources */ = {
			isa = PBXSourcesBuildPhase;
			buildActionMask = 2147483647;
			files = (
				456222691C3B528F00AB4EAF /* ProjectTests.swift in Sources */,
			);
			runOnlyForDeploymentPostprocessing = 0;
		};
		4562226B1C3B528F00AB4EAF /* Sources */ = {
			isa = PBXSourcesBuildPhase;
			buildActionMask = 2147483647;
			files = (
				456222741C3B528F00AB4EAF /* ProjectUITests.swift in Sources */,
			);
			runOnlyForDeploymentPostprocessing = 0;
		};
/* End PBXSourcesBuildPhase section */

/* Begin PBXTargetDependency section */
		456222661C3B528F00AB4EAF /* PBXTargetDependency */ = {
			isa = PBXTargetDependency;
			target = 4562224C1C3B528F00AB4EAF /* Project */;
			targetProxy = 456222651C3B528F00AB4EAF /* PBXContainerItemProxy */;
		};
		456222711C3B528F00AB4EAF /* PBXTargetDependency */ = {
			isa = PBXTargetDependency;
			target = 4562224C1C3B528F00AB4EAF /* Project */;
			targetProxy = 456222701C3B528F00AB4EAF /* PBXContainerItemProxy */;
		};
/* End PBXTargetDependency section */

/* Begin PBXVariantGroup section */
		456222541C3B528F00AB4EAF /* Main.storyboard */ = {
			isa = PBXVariantGroup;
			children = (
				456222551C3B528F00AB4EAF /* Base */,
			);
			name = Main.storyboard;
			sourceTree = "<group>";
		};
		4562225C1C3B528F00AB4EAF /* LaunchScreen.storyboard */ = {
			isa = PBXVariantGroup;
			children = (
				4562225D1C3B528F00AB4EAF /* Base */,
			);
			name = LaunchScreen.storyboard;
			sourceTree = "<group>";
		};
/* End PBXVariantGroup section */

/* Begin XCBuildConfiguration section */
		456222761C3B528F00AB4EAF /* Debug */ = {
			isa = XCBuildConfiguration;
			buildSettings = {
				ALWAYS_SEARCH_USER_PATHS = NO;
				CLANG_CXX_LANGUAGE_STANDARD = "gnu++0x";
				CLANG_CXX_LIBRARY = "libc++";
				CLANG_ENABLE_MODULES = YES;
				CLANG_ENABLE_OBJC_ARC = YES;
				CLANG_WARN_BOOL_CONVERSION = YES;
				CLANG_WARN_CONSTANT_CONVERSION = YES;
				CLANG_WARN_DIRECT_OBJC_ISA_USAGE = YES_ERROR;
				CLANG_WARN_EMPTY_BODY = YES;
				CLANG_WARN_ENUM_CONVERSION = YES;
				CLANG_WARN_INT_CONVERSION = YES;
				CLANG_WARN_OBJC_ROOT_CLASS = YES_ERROR;
				CLANG_WARN_UNREACHABLE_CODE = YES;
				CLANG_WARN__DUPLICATE_METHOD_MATCH = YES;
				"CODE_SIGN_IDENTITY[sdk=iphoneos*]" = "iPhone Developer";
				COPY_PHASE_STRIP = NO;
				DEBUG_INFORMATION_FORMAT = dwarf;
				ENABLE_STRICT_OBJC_MSGSEND = YES;
				ENABLE_TESTABILITY = YES;
				GCC_C_LANGUAGE_STANDARD = gnu99;
				GCC_DYNAMIC_NO_PIC = NO;
				GCC_NO_COMMON_BLOCKS = YES;
				GCC_OPTIMIZATION_LEVEL = 0;
				GCC_PREPROCESSOR_DEFINITIONS = (
					"DEBUG=1",
					"$(inherited)",
				);
				GCC_WARN_64_TO_32_BIT_CONVERSION = YES;
				GCC_WARN_ABOUT_RETURN_TYPE = YES_ERROR;
				GCC_WARN_UNDECLARED_SELECTOR = YES;
				GCC_WARN_UNINITIALIZED_AUTOS = YES_AGGRESSIVE;
				GCC_WARN_UNUSED_FUNCTION = YES;
				GCC_WARN_UNUSED_VARIABLE = YES;
				IPHONEOS_DEPLOYMENT_TARGET = 9.1;
				MTL_ENABLE_DEBUG_INFO = YES;
				ONLY_ACTIVE_ARCH = YES;
				SDKROOT = iphoneos;
				SWIFT_OPTIMIZATION_LEVEL = "-Onone";
			};
			name = Debug;
		};
		456222771C3B528F00AB4EAF /* Release */ = {
			isa = XCBuildConfiguration;
			buildSettings = {
				ALWAYS_SEARCH_USER_PATHS = NO;
				CLANG_CXX_LANGUAGE_STANDARD = "gnu++0x";
				CLANG_CXX_LIBRARY = "libc++";
				CLANG_ENABLE_MODULES = YES;
				CLANG_ENABLE_OBJC_ARC = YES;
				CLANG_WARN_BOOL_CONVERSION = YES;
				CLANG_WARN_CONSTANT_CONVERSION = YES;
				CLANG_WARN_DIRECT_OBJC_ISA_USAGE = YES_ERROR;
				CLANG_WARN_EMPTY_BODY = YES;
				CLANG_WARN_ENUM_CONVERSION = YES;
				CLANG_WARN_INT_CONVERSION = YES;
				CLANG_WARN_OBJC_ROOT_CLASS = YES_ERROR;
				CLANG_WARN_UNREACHABLE_CODE = YES;
				CLANG_WARN__DUPLICATE_METHOD_MATCH = YES;
				"CODE_SIGN_IDENTITY[sdk=iphoneos*]" = "iPhone Developer";
				COPY_PHASE_STRIP = NO;
				DEBUG_INFORMATION_FORMAT = "dwarf-with-dsym";
				ENABLE_NS_ASSERTIONS = NO;
				ENABLE_STRICT_OBJC_MSGSEND = YES;
				GCC_C_LANGUAGE_STANDARD = gnu99;
				GCC_NO_COMMON_BLOCKS = YES;
				GCC_WARN_64_TO_32_BIT_CONVERSION = YES;
				GCC_WARN_ABOUT_RETURN_TYPE = YES_ERROR;
				GCC_WARN_UNDECLARED_SELECTOR = YES;
				GCC_WARN_UNINITIALIZED_AUTOS = YES_AGGRESSIVE;
				GCC_WARN_UNUSED_FUNCTION = YES;
				GCC_WARN_UNUSED_VARIABLE = YES;
				IPHONEOS_DEPLOYMENT_TARGET = 9.1;
				MTL_ENABLE_DEBUG_INFO = NO;
				SDKROOT = iphoneos;
				VALIDATE_PRODUCT = YES;
			};
			name = Release;
		};
		456222791C3B528F00AB4EAF /* Debug */ = {
			isa = XCBuildConfiguration;
			buildSettings = {
				ASSETCATALOG_COMPILER_APPICON_NAME = AppIcon;
				INFOPLIST_FILE = Project/Info.plist;
				LD_RUNPATH_SEARCH_PATHS = "$(inherited) @executable_path/Frameworks";
				PRODUCT_BUNDLE_IDENTIFIER = "com.PF-Lib.Project";
				PRODUCT_NAME = "$(TARGET_NAME)";
			};
			name = Debug;
		};
		4562227A1C3B528F00AB4EAF /* Release */ = {
			isa = XCBuildConfiguration;
			buildSettings = {
				ASSETCATALOG_COMPILER_APPICON_NAME = AppIcon;
				INFOPLIST_FILE = Project/Info.plist;
				LD_RUNPATH_SEARCH_PATHS = "$(inherited) @executable_path/Frameworks";
				PRODUCT_BUNDLE_IDENTIFIER = "com.PF-Lib.Project";
				PRODUCT_NAME = "$(TARGET_NAME)";
			};
			name = Release;
		};
		4562227C1C3B528F00AB4EAF /* Debug */ = {
			isa = XCBuildConfiguration;
			buildSettings = {
				BUNDLE_LOADER = "$(TEST_HOST)";
				INFOPLIST_FILE = ProjectTests/Info.plist;
				LD_RUNPATH_SEARCH_PATHS = "$(inherited) @executable_path/Frameworks @loader_path/Frameworks";
				PRODUCT_BUNDLE_IDENTIFIER = "com.PF-Lib.ProjectTests";
				PRODUCT_NAME = "$(TARGET_NAME)";
				TEST_HOST = "$(BUILT_PRODUCTS_DIR)/Project.app/Project";
			};
			name = Debug;
		};
		4562227D1C3B528F00AB4EAF /* Release */ = {
			isa = XCBuildConfiguration;
			buildSettings = {
				BUNDLE_LOADER = "$(TEST_HOST)";
				INFOPLIST_FILE = ProjectTests/Info.plist;
				LD_RUNPATH_SEARCH_PATHS = "$(inherited) @executable_path/Frameworks @loader_path/Frameworks";
				PRODUCT_BUNDLE_IDENTIFIER = "com.PF-Lib.ProjectTests";
				PRODUCT_NAME = "$(TARGET_NAME)";
				TEST_HOST = "$(BUILT_PRODUCTS_DIR)/Project.app/Project";
			};
			name = Release;
		};
		4562227F1C3B528F00AB4EAF /* Debug */ = {
			isa = XCBuildConfiguration;
			buildSettings = {
				INFOPLIST_FILE = ProjectUITests/Info.plist;
				LD_RUNPATH_SEARCH_PATHS = "$(inherited) @executable_path/Frameworks @loader_path/Frameworks";
				PRODUCT_BUNDLE_IDENTIFIER = "com.PF-Lib.ProjectUITests";
				PRODUCT_NAME = "$(TARGET_NAME)";
				TEST_TARGET_NAME = Project;
				USES_XCTRUNNER = YES;
			};
			name = Debug;
		};
		456222801C3B528F00AB4EAF /* Release */ = {
			isa = XCBuildConfiguration;
			buildSettings = {
				INFOPLIST_FILE = ProjectUITests/Info.plist;
				LD_RUNPATH_SEARCH_PATHS = "$(inherited) @executable_path/Frameworks @loader_path/Frameworks";
				PRODUCT_BUNDLE_IDENTIFIER = "com.PF-Lib.ProjectUITests";
				PRODUCT_NAME = "$(TARGET_NAME)";
				TEST_TARGET_NAME = Project;
				USES_XCTRUNNER = YES;
			};
			name = Release;
		};
/* End XCBuildConfiguration section */

/* Begin XCConfigurationList section */
		456222481C3B528F00AB4EAF /* Build configuration list for PBXProject "Project" */ = {
			isa = XCConfigurationList;
			buildConfigurations = (
				456222761C3B528F00AB4EAF /* Debug */,
				456222771C3B528F00AB4EAF /* Release */,
			);
			defaultConfigurationIsVisible = 0;
			defaultConfigurationName = Release;
		};
		456222781C3B528F00AB4EAF /* Build configuration list for PBXNativeTarget "Project" */ = {
			isa = XCConfigurationList;
			buildConfigurations = (
				456222791C3B528F00AB4EAF /* Debug */,
				4562227A1C3B528F00AB4EAF /* Release */,
			);
			defaultConfigurationIsVisible = 0;
		};
		4562227B1C3B528F00AB4EAF /* Build configuration list for PBXNativeTarget "ProjectTests" */ = {
			isa = XCConfigurationList;
			buildConfigurations = (
				4562227C1C3B528F00AB4EAF /* Debug */,
				4562227D1C3B528F00AB4EAF /* Release */,
			);
			defaultConfigurationIsVisible = 0;
		};
		4562227E1C3B528F00AB4EAF /* Build configuration list for PBXNativeTarget "ProjectUITests" */ = {
			isa = XCConfigurationList;
			buildConfigurations = (
				4562227F1C3B528F00AB4EAF /* Debug */,
				456222801C3B528F00AB4EAF /* Release */,
			);
			defaultConfigurationIsVisible = 0;
		};
/* End XCConfigurationList section */

/* Begin XCVersionGroup section */
		456222571C3B528F00AB4EAF /* Project.xcdatamodeld */ = {
			isa = XCVersionGroup;
			children = (
				456222581C3B528F00AB4EAF /* Project.xcdatamodel */,
			);
			currentVersion = 456222581C3B528F00AB4EAF /* Project.xcdatamodel */;
			path = Project.xcdatamodeld;
			sourceTree = "<group>";
			versionGroupType = wrapper.xcdatamodel;
		};
/* End XCVersionGroup section */
	};
	rootObject = 456222451C3B528F00AB4EAF /* Project object */;
}
