// !$*UTF8*$!
{
	archiveVersion = 1;
	classes = {
	};
	objectVersion = 46;
	objects = {

/* Begin PBXBuildFile section */
		45111E7C1CE16A7B00EB417E /* AppDelegate.swift in Sources */ = {isa = PBXBuildFile; fileRef = 45111E7B1CE16A7B00EB417E /* AppDelegate.swift */; };
		45111E861CE16A7B00EB417E /* Assets.xcassets in Resources */ = {isa = PBXBuildFile; fileRef = 45111E851CE16A7B00EB417E /* Assets.xcassets */; };
		45111E941CE16A7B00EB417E /* ProjectTests.swift in Sources */ = {isa = PBXBuildFile; fileRef = 45111E931CE16A7B00EB417E /* ProjectTests.swift */; };
		45111E9F1CE16A7C00EB417E /* ProjectUITests.swift in Sources */ = {isa = PBXBuildFile; fileRef = 45111E9E1CE16A7C00EB417E /* ProjectUITests.swift */; };
		4520455B1CE16F9000924452 /* Project.xcdatamodeld in Sources */ = {isa = PBXBuildFile; fileRef = 452045511CE16F9000924452 /* Project.xcdatamodeld */; };
		4520455C1CE16F9000924452 /* api.json in Resources */ = {isa = PBXBuildFile; fileRef = 452045551CE16F9000924452 /* api.json */; };
		452045621CE175E500924452 /* DebugMode.swift in Sources */ = {isa = PBXBuildFile; fileRef = 452045611CE175E500924452 /* DebugMode.swift */; };
		452045641CE1764D00924452 /* BaseRequest.swift in Sources */ = {isa = PBXBuildFile; fileRef = 452045631CE1764D00924452 /* BaseRequest.swift */; };
		452045661CE1773300924452 /* BaseCollectionViewController.swift in Sources */ = {isa = PBXBuildFile; fileRef = 452045651CE1773300924452 /* BaseCollectionViewController.swift */; };
		452045681CE1775200924452 /* BaseTableViewController.swift in Sources */ = {isa = PBXBuildFile; fileRef = 452045671CE1775200924452 /* BaseTableViewController.swift */; };
		4520456A1CE1777000924452 /* BaseViewController.swift in Sources */ = {isa = PBXBuildFile; fileRef = 452045691CE1777000924452 /* BaseViewController.swift */; };
		4520456C1CE1799C00924452 /* BaseModel.swift in Sources */ = {isa = PBXBuildFile; fileRef = 4520456B1CE1799C00924452 /* BaseModel.swift */; };
		4520458A1CE182C200924452 /* Api.swift in Sources */ = {isa = PBXBuildFile; fileRef = 452045891CE182C200924452 /* Api.swift */; };
		4520458C1CE1835400924452 /* Initialization.swift in Sources */ = {isa = PBXBuildFile; fileRef = 4520458B1CE1835400924452 /* Initialization.swift */; };
		4520458E1CE1837800924452 /* Settings.swift in Sources */ = {isa = PBXBuildFile; fileRef = 4520458D1CE1837800924452 /* Settings.swift */; };
		452045901CE1839C00924452 /* UserSettings.swift in Sources */ = {isa = PBXBuildFile; fileRef = 4520458F1CE1839C00924452 /* UserSettings.swift */; };
		452045B71CE1AE9E00924452 /* Guide.storyboard in Resources */ = {isa = PBXBuildFile; fileRef = 452045A71CE1AE9E00924452 /* Guide.storyboard */; };
		452045B81CE1AE9E00924452 /* Home.storyboard in Resources */ = {isa = PBXBuildFile; fileRef = 452045A91CE1AE9E00924452 /* Home.storyboard */; };
		452045B91CE1AE9E00924452 /* LaunchScreen.storyboard in Resources */ = {isa = PBXBuildFile; fileRef = 452045AB1CE1AE9E00924452 /* LaunchScreen.storyboard */; };
		452045BA1CE1AE9E00924452 /* Main.storyboard in Resources */ = {isa = PBXBuildFile; fileRef = 452045AD1CE1AE9E00924452 /* Main.storyboard */; };
		452045BB1CE1AE9E00924452 /* More.storyboard in Resources */ = {isa = PBXBuildFile; fileRef = 452045AF1CE1AE9E00924452 /* More.storyboard */; };
		452045C91CE1AF8A00924452 /* MoreModel.swift in Sources */ = {isa = PBXBuildFile; fileRef = 452045C81CE1AF8A00924452 /* MoreModel.swift */; };
		452045CB1CE1AF9200924452 /* WeatherModel.swift in Sources */ = {isa = PBXBuildFile; fileRef = 452045CA1CE1AF9200924452 /* WeatherModel.swift */; };
		452045CE1CE1AFA300924452 /* CityTableViewController.swift in Sources */ = {isa = PBXBuildFile; fileRef = 452045CC1CE1AFA300924452 /* CityTableViewController.swift */; };
		452045CF1CE1AFA300924452 /* HomeViewController.swift in Sources */ = {isa = PBXBuildFile; fileRef = 452045CD1CE1AFA300924452 /* HomeViewController.swift */; };
		452045D11CE1AFAC00924452 /* GuideViewController.swift in Sources */ = {isa = PBXBuildFile; fileRef = 452045D01CE1AFAC00924452 /* GuideViewController.swift */; };
		452045D31CE1AFB300924452 /* MoreTableViewController.swift in Sources */ = {isa = PBXBuildFile; fileRef = 452045D21CE1AFB300924452 /* MoreTableViewController.swift */; };
		BDBDD6F9EB5D85AB9B8D64B1 /* Pods_Project.framework in Frameworks */ = {isa = PBXBuildFile; fileRef = C02DF32ED4E640C83FA475C0 /* Pods_Project.framework */; };
/* End PBXBuildFile section */

/* Begin PBXContainerItemProxy section */
		45111E901CE16A7B00EB417E /* PBXContainerItemProxy */ = {
			isa = PBXContainerItemProxy;
			containerPortal = 45111E701CE16A7B00EB417E /* Project object */;
			proxyType = 1;
			remoteGlobalIDString = 45111E771CE16A7B00EB417E;
			remoteInfo = Project;
		};
		45111E9B1CE16A7C00EB417E /* PBXContainerItemProxy */ = {
			isa = PBXContainerItemProxy;
			containerPortal = 45111E701CE16A7B00EB417E /* Project object */;
			proxyType = 1;
			remoteGlobalIDString = 45111E771CE16A7B00EB417E;
			remoteInfo = Project;
		};
/* End PBXContainerItemProxy section */

/* Begin PBXFileReference section */
		45111E781CE16A7B00EB417E /* Project.app */ = {isa = PBXFileReference; explicitFileType = wrapper.application; includeInIndex = 0; path = Project.app; sourceTree = BUILT_PRODUCTS_DIR; };
		45111E7B1CE16A7B00EB417E /* AppDelegate.swift */ = {isa = PBXFileReference; lastKnownFileType = sourcecode.swift; path = AppDelegate.swift; sourceTree = "<group>"; };
		45111E851CE16A7B00EB417E /* Assets.xcassets */ = {isa = PBXFileReference; lastKnownFileType = folder.assetcatalog; path = Assets.xcassets; sourceTree = "<group>"; };
		45111E8A1CE16A7B00EB417E /* Info.plist */ = {isa = PBXFileReference; lastKnownFileType = text.plist.xml; path = Info.plist; sourceTree = "<group>"; };
		45111E8F1CE16A7B00EB417E /* ProjectTests.xctest */ = {isa = PBXFileReference; explicitFileType = wrapper.cfbundle; includeInIndex = 0; path = ProjectTests.xctest; sourceTree = BUILT_PRODUCTS_DIR; };
		45111E931CE16A7B00EB417E /* ProjectTests.swift */ = {isa = PBXFileReference; lastKnownFileType = sourcecode.swift; path = ProjectTests.swift; sourceTree = "<group>"; };
		45111E951CE16A7B00EB417E /* Info.plist */ = {isa = PBXFileReference; lastKnownFileType = text.plist.xml; path = Info.plist; sourceTree = "<group>"; };
		45111E9A1CE16A7C00EB417E /* ProjectUITests.xctest */ = {isa = PBXFileReference; explicitFileType = wrapper.cfbundle; includeInIndex = 0; path = ProjectUITests.xctest; sourceTree = BUILT_PRODUCTS_DIR; };
		45111E9E1CE16A7C00EB417E /* ProjectUITests.swift */ = {isa = PBXFileReference; lastKnownFileType = sourcecode.swift; path = ProjectUITests.swift; sourceTree = "<group>"; };
		45111EA01CE16A7C00EB417E /* Info.plist */ = {isa = PBXFileReference; lastKnownFileType = text.plist.xml; path = Info.plist; sourceTree = "<group>"; };
		452045521CE16F9000924452 /* Project.xcdatamodel */ = {isa = PBXFileReference; lastKnownFileType = wrapper.xcdatamodel; path = Project.xcdatamodel; sourceTree = "<group>"; };
		452045551CE16F9000924452 /* api.json */ = {isa = PBXFileReference; fileEncoding = 4; lastKnownFileType = text.json; path = api.json; sourceTree = "<group>"; };
		452045611CE175E500924452 /* DebugMode.swift */ = {isa = PBXFileReference; fileEncoding = 4; lastKnownFileType = sourcecode.swift; path = DebugMode.swift; sourceTree = "<group>"; };
		452045631CE1764D00924452 /* BaseRequest.swift */ = {isa = PBXFileReference; fileEncoding = 4; lastKnownFileType = sourcecode.swift; path = BaseRequest.swift; sourceTree = "<group>"; };
		452045651CE1773300924452 /* BaseCollectionViewController.swift */ = {isa = PBXFileReference; fileEncoding = 4; lastKnownFileType = sourcecode.swift; path = BaseCollectionViewController.swift; sourceTree = "<group>"; };
		452045671CE1775200924452 /* BaseTableViewController.swift */ = {isa = PBXFileReference; fileEncoding = 4; lastKnownFileType = sourcecode.swift; path = BaseTableViewController.swift; sourceTree = "<group>"; };
		452045691CE1777000924452 /* BaseViewController.swift */ = {isa = PBXFileReference; fileEncoding = 4; lastKnownFileType = sourcecode.swift; path = BaseViewController.swift; sourceTree = "<group>"; };
		4520456B1CE1799C00924452 /* BaseModel.swift */ = {isa = PBXFileReference; fileEncoding = 4; lastKnownFileType = sourcecode.swift; path = BaseModel.swift; sourceTree = "<group>"; };
		452045891CE182C200924452 /* Api.swift */ = {isa = PBXFileReference; fileEncoding = 4; lastKnownFileType = sourcecode.swift; path = Api.swift; sourceTree = "<group>"; };
		4520458B1CE1835400924452 /* Initialization.swift */ = {isa = PBXFileReference; fileEncoding = 4; lastKnownFileType = sourcecode.swift; path = Initialization.swift; sourceTree = "<group>"; };
		4520458D1CE1837800924452 /* Settings.swift */ = {isa = PBXFileReference; fileEncoding = 4; lastKnownFileType = sourcecode.swift; path = Settings.swift; sourceTree = "<group>"; };
		4520458F1CE1839C00924452 /* UserSettings.swift */ = {isa = PBXFileReference; fileEncoding = 4; lastKnownFileType = sourcecode.swift; path = UserSettings.swift; sourceTree = "<group>"; };
		452045A81CE1AE9E00924452 /* Base */ = {isa = PBXFileReference; lastKnownFileType = file.storyboard; name = Base; path = Base.lproj/Guide.storyboard; sourceTree = "<group>"; };
		452045AA1CE1AE9E00924452 /* Base */ = {isa = PBXFileReference; lastKnownFileType = file.storyboard; name = Base; path = Base.lproj/Home.storyboard; sourceTree = "<group>"; };
		452045AC1CE1AE9E00924452 /* Base */ = {isa = PBXFileReference; lastKnownFileType = file.storyboard; name = Base; path = Base.lproj/LaunchScreen.storyboard; sourceTree = "<group>"; };
		452045AE1CE1AE9E00924452 /* Base */ = {isa = PBXFileReference; lastKnownFileType = file.storyboard; name = Base; path = Base.lproj/Main.storyboard; sourceTree = "<group>"; };
		452045B01CE1AE9E00924452 /* Base */ = {isa = PBXFileReference; lastKnownFileType = file.storyboard; name = Base; path = Base.lproj/More.storyboard; sourceTree = "<group>"; };
		452045C81CE1AF8A00924452 /* MoreModel.swift */ = {isa = PBXFileReference; fileEncoding = 4; lastKnownFileType = sourcecode.swift; name = MoreModel.swift; path = Model/MoreModel.swift; sourceTree = "<group>"; };
		452045CA1CE1AF9200924452 /* WeatherModel.swift */ = {isa = PBXFileReference; fileEncoding = 4; lastKnownFileType = sourcecode.swift; name = WeatherModel.swift; path = Model/WeatherModel.swift; sourceTree = "<group>"; };
		452045CC1CE1AFA300924452 /* CityTableViewController.swift */ = {isa = PBXFileReference; fileEncoding = 4; lastKnownFileType = sourcecode.swift; name = CityTableViewController.swift; path = ViewModel/CityTableViewController.swift; sourceTree = "<group>"; };
		452045CD1CE1AFA300924452 /* HomeViewController.swift */ = {isa = PBXFileReference; fileEncoding = 4; lastKnownFileType = sourcecode.swift; name = HomeViewController.swift; path = ViewModel/HomeViewController.swift; sourceTree = "<group>"; };
		452045D01CE1AFAC00924452 /* GuideViewController.swift */ = {isa = PBXFileReference; fileEncoding = 4; lastKnownFileType = sourcecode.swift; name = GuideViewController.swift; path = ViewModel/GuideViewController.swift; sourceTree = "<group>"; };
		452045D21CE1AFB300924452 /* MoreTableViewController.swift */ = {isa = PBXFileReference; fileEncoding = 4; lastKnownFileType = sourcecode.swift; name = MoreTableViewController.swift; path = ViewModel/MoreTableViewController.swift; sourceTree = "<group>"; };
		6C01244B93C95A91CEE06A28 /* Pods-Project.release.xcconfig */ = {isa = PBXFileReference; includeInIndex = 1; lastKnownFileType = text.xcconfig; name = "Pods-Project.release.xcconfig"; path = "Pods/Target Support Files/Pods-Project/Pods-Project.release.xcconfig"; sourceTree = "<group>"; };
		C02DF32ED4E640C83FA475C0 /* Pods_Project.framework */ = {isa = PBXFileReference; explicitFileType = wrapper.framework; includeInIndex = 0; path = Pods_Project.framework; sourceTree = BUILT_PRODUCTS_DIR; };
		E6F746C0BE4D211B5D36486E /* Pods-Project.debug.xcconfig */ = {isa = PBXFileReference; includeInIndex = 1; lastKnownFileType = text.xcconfig; name = "Pods-Project.debug.xcconfig"; path = "Pods/Target Support Files/Pods-Project/Pods-Project.debug.xcconfig"; sourceTree = "<group>"; };
/* End PBXFileReference section */

/* Begin PBXFrameworksBuildPhase section */
		45111E751CE16A7B00EB417E /* Frameworks */ = {
			isa = PBXFrameworksBuildPhase;
			buildActionMask = 2147483647;
			files = (
				BDBDD6F9EB5D85AB9B8D64B1 /* Pods_Project.framework in Frameworks */,
			);
			runOnlyForDeploymentPostprocessing = 0;
		};
		45111E8C1CE16A7B00EB417E /* Frameworks */ = {
			isa = PBXFrameworksBuildPhase;
			buildActionMask = 2147483647;
			files = (
			);
			runOnlyForDeploymentPostprocessing = 0;
		};
		45111E971CE16A7C00EB417E /* Frameworks */ = {
			isa = PBXFrameworksBuildPhase;
			buildActionMask = 2147483647;
			files = (
			);
			runOnlyForDeploymentPostprocessing = 0;
		};
/* End PBXFrameworksBuildPhase section */

/* Begin PBXGroup section */
		45111E6F1CE16A7B00EB417E = {
			isa = PBXGroup;
			children = (
				45111E7A1CE16A7B00EB417E /* Project */,
				45111E921CE16A7B00EB417E /* ProjectTests */,
				45111E9D1CE16A7C00EB417E /* ProjectUITests */,
				45111E791CE16A7B00EB417E /* Products */,
				DD79F654431C287D44C61246 /* Pods */,
				C5A43F13324EC0FAA6876C02 /* Frameworks */,
				452045451CE16F0100924452 /* BaseFramework */,
			);
			sourceTree = "<group>";
		};
		45111E791CE16A7B00EB417E /* Products */ = {
			isa = PBXGroup;
			children = (
				45111E781CE16A7B00EB417E /* Project.app */,
				45111E8F1CE16A7B00EB417E /* ProjectTests.xctest */,
				45111E9A1CE16A7C00EB417E /* ProjectUITests.xctest */,
			);
			name = Products;
			sourceTree = "<group>";
		};
		45111E7A1CE16A7B00EB417E /* Project */ = {
			isa = PBXGroup;
			children = (
				45111E7B1CE16A7B00EB417E /* AppDelegate.swift */,
				45111E851CE16A7B00EB417E /* Assets.xcassets */,
				452045491CE16F2A00924452 /* App */,
				4520454C1CE16F3600924452 /* Base */,
				4520454E1CE16F9000924452 /* Resourse */,
				45111E8A1CE16A7B00EB417E /* Info.plist */,
				452045601CE16FAC00924452 /* Vendor */,
			);
			path = Project;
			sourceTree = "<group>";
		};
		45111E921CE16A7B00EB417E /* ProjectTests */ = {
			isa = PBXGroup;
			children = (
				45111E931CE16A7B00EB417E /* ProjectTests.swift */,
				45111E951CE16A7B00EB417E /* Info.plist */,
			);
			path = ProjectTests;
			sourceTree = "<group>";
		};
		45111E9D1CE16A7C00EB417E /* ProjectUITests */ = {
			isa = PBXGroup;
			children = (
				45111E9E1CE16A7C00EB417E /* ProjectUITests.swift */,
				45111EA01CE16A7C00EB417E /* Info.plist */,
			);
			path = ProjectUITests;
			sourceTree = "<group>";
		};
		452045451CE16F0100924452 /* BaseFramework */ = {
			isa = PBXGroup;
			children = (
				452045461CE16F0100924452 /* Debug */,
				452045471CE16F0100924452 /* Model */,
				452045481CE16F0100924452 /* ViewModel */,
			);
			path = BaseFramework;
			sourceTree = "<group>";
		};
		452045461CE16F0100924452 /* Debug */ = {
			isa = PBXGroup;
			children = (
				452045611CE175E500924452 /* DebugMode.swift */,
			);
			path = Debug;
			sourceTree = "<group>";
		};
		452045471CE16F0100924452 /* Model */ = {
			isa = PBXGroup;
			children = (
				452045631CE1764D00924452 /* BaseRequest.swift */,
				4520456B1CE1799C00924452 /* BaseModel.swift */,
			);
			path = Model;
			sourceTree = "<group>";
		};
		452045481CE16F0100924452 /* ViewModel */ = {
			isa = PBXGroup;
			children = (
				452045651CE1773300924452 /* BaseCollectionViewController.swift */,
				452045671CE1775200924452 /* BaseTableViewController.swift */,
				452045691CE1777000924452 /* BaseViewController.swift */,
			);
			path = ViewModel;
			sourceTree = "<group>";
		};
		452045491CE16F2A00924452 /* App */ = {
			isa = PBXGroup;
			children = (
				4520459D1CE1AE9E00924452 /* MVVM */,
				452045A61CE1AE9E00924452 /* Storyboard */,
			);
			path = App;
			sourceTree = "<group>";
		};
		4520454C1CE16F3600924452 /* Base */ = {
			isa = PBXGroup;
			children = (
				452045891CE182C200924452 /* Api.swift */,
				4520458B1CE1835400924452 /* Initialization.swift */,
				4520458D1CE1837800924452 /* Settings.swift */,
				4520458F1CE1839C00924452 /* UserSettings.swift */,
			);
			path = Base;
			sourceTree = "<group>";
		};
		4520454E1CE16F9000924452 /* Resourse */ = {
			isa = PBXGroup;
			children = (
				4520454F1CE16F9000924452 /* CoreData */,
				452045541CE16F9000924452 /* File */,
			);
			path = Resourse;
			sourceTree = "<group>";
		};
		4520454F1CE16F9000924452 /* CoreData */ = {
			isa = PBXGroup;
			children = (
				452045501CE16F9000924452 /* DataModel */,
				452045531CE16F9000924452 /* ManagedObject */,
			);
			path = CoreData;
			sourceTree = "<group>";
		};
		452045501CE16F9000924452 /* DataModel */ = {
			isa = PBXGroup;
			children = (
				452045511CE16F9000924452 /* Project.xcdatamodeld */,
			);
			path = DataModel;
			sourceTree = "<group>";
		};
		452045531CE16F9000924452 /* ManagedObject */ = {
			isa = PBXGroup;
			children = (
			);
			path = ManagedObject;
			sourceTree = "<group>";
		};
		452045541CE16F9000924452 /* File */ = {
			isa = PBXGroup;
			children = (
				452045551CE16F9000924452 /* api.json */,
			);
			path = File;
			sourceTree = "<group>";
		};
		452045601CE16FAC00924452 /* Vendor */ = {
			isa = PBXGroup;
			children = (
			);
			path = Vendor;
			sourceTree = "<group>";
		};
		4520459D1CE1AE9E00924452 /* MVVM */ = {
			isa = PBXGroup;
			children = (
				452045C41CE1AF2E00924452 /* Guide */,
				452045C01CE1AF1000924452 /* Home */,
				452045BC1CE1AEF300924452 /* More */,
			);
			path = MVVM;
			sourceTree = "<group>";
		};
		452045A61CE1AE9E00924452 /* Storyboard */ = {
			isa = PBXGroup;
			children = (
				452045A71CE1AE9E00924452 /* Guide.storyboard */,
				452045A91CE1AE9E00924452 /* Home.storyboard */,
				452045AB1CE1AE9E00924452 /* LaunchScreen.storyboard */,
				452045AD1CE1AE9E00924452 /* Main.storyboard */,
				452045AF1CE1AE9E00924452 /* More.storyboard */,
			);
			path = Storyboard;
			sourceTree = "<group>";
		};
		452045BC1CE1AEF300924452 /* More */ = {
			isa = PBXGroup;
			children = (
				452045BF1CE1AF0800924452 /* Model */,
				452045BE1CE1AF0200924452 /* View */,
				452045BD1CE1AEFB00924452 /* ViewModel */,
			);
			name = More;
			sourceTree = "<group>";
		};
		452045BD1CE1AEFB00924452 /* ViewModel */ = {
			isa = PBXGroup;
			children = (
				452045D21CE1AFB300924452 /* MoreTableViewController.swift */,
			);
			name = ViewModel;
			sourceTree = "<group>";
		};
		452045BE1CE1AF0200924452 /* View */ = {
			isa = PBXGroup;
			children = (
			);
			name = View;
			sourceTree = "<group>";
		};
		452045BF1CE1AF0800924452 /* Model */ = {
			isa = PBXGroup;
			children = (
				452045C81CE1AF8A00924452 /* MoreModel.swift */,
			);
			name = Model;
			sourceTree = "<group>";
		};
		452045C01CE1AF1000924452 /* Home */ = {
			isa = PBXGroup;
			children = (
				452045C31CE1AF2300924452 /* Model */,
				452045C21CE1AF1B00924452 /* View */,
				452045C11CE1AF1500924452 /* ViewModel */,
			);
			name = Home;
			sourceTree = "<group>";
		};
		452045C11CE1AF1500924452 /* ViewModel */ = {
			isa = PBXGroup;
			children = (
				452045CC1CE1AFA300924452 /* CityTableViewController.swift */,
				452045CD1CE1AFA300924452 /* HomeViewController.swift */,
			);
			name = ViewModel;
			sourceTree = "<group>";
		};
		452045C21CE1AF1B00924452 /* View */ = {
			isa = PBXGroup;
			children = (
			);
			name = View;
			sourceTree = "<group>";
		};
		452045C31CE1AF2300924452 /* Model */ = {
			isa = PBXGroup;
			children = (
				452045CA1CE1AF9200924452 /* WeatherModel.swift */,
			);
			name = Model;
			sourceTree = "<group>";
		};
		452045C41CE1AF2E00924452 /* Guide */ = {
			isa = PBXGroup;
			children = (
				452045C71CE1AF4000924452 /* Model */,
				452045C61CE1AF3B00924452 /* View */,
				452045C51CE1AF3500924452 /* ViewModel */,
			);
			name = Guide;
			sourceTree = "<group>";
		};
		452045C51CE1AF3500924452 /* ViewModel */ = {
			isa = PBXGroup;
			children = (
				452045D01CE1AFAC00924452 /* GuideViewController.swift */,
			);
			name = ViewModel;
			sourceTree = "<group>";
		};
		452045C61CE1AF3B00924452 /* View */ = {
			isa = PBXGroup;
			children = (
			);
			name = View;
			sourceTree = "<group>";
		};
		452045C71CE1AF4000924452 /* Model */ = {
			isa = PBXGroup;
			children = (
			);
			name = Model;
			sourceTree = "<group>";
		};
		C5A43F13324EC0FAA6876C02 /* Frameworks */ = {
			isa = PBXGroup;
			children = (
				C02DF32ED4E640C83FA475C0 /* Pods_Project.framework */,
			);
			name = Frameworks;
			sourceTree = "<group>";
		};
		DD79F654431C287D44C61246 /* Pods */ = {
			isa = PBXGroup;
			children = (
				E6F746C0BE4D211B5D36486E /* Pods-Project.debug.xcconfig */,
				6C01244B93C95A91CEE06A28 /* Pods-Project.release.xcconfig */,
			);
			name = Pods;
			sourceTree = "<group>";
		};
/* End PBXGroup section */

/* Begin PBXNativeTarget section */
		45111E771CE16A7B00EB417E /* Project */ = {
			isa = PBXNativeTarget;
			buildConfigurationList = 45111EA31CE16A7C00EB417E /* Build configuration list for PBXNativeTarget "Project" */;
			buildPhases = (
				66D338C9BE34501F4541384C /* 📦 Check Pods Manifest.lock */,
				45111E741CE16A7B00EB417E /* Sources */,
				45111E751CE16A7B00EB417E /* Frameworks */,
				45111E761CE16A7B00EB417E /* Resources */,
				A9A48157A4CF231B5128D2B4 /* 📦 Embed Pods Frameworks */,
				C0C89312C7863327822D7EBA /* 📦 Copy Pods Resources */,
			);
			buildRules = (
			);
			dependencies = (
			);
			name = Project;
			productName = Project;
			productReference = 45111E781CE16A7B00EB417E /* Project.app */;
			productType = "com.apple.product-type.application";
		};
		45111E8E1CE16A7B00EB417E /* ProjectTests */ = {
			isa = PBXNativeTarget;
			buildConfigurationList = 45111EA61CE16A7C00EB417E /* Build configuration list for PBXNativeTarget "ProjectTests" */;
			buildPhases = (
				45111E8B1CE16A7B00EB417E /* Sources */,
				45111E8C1CE16A7B00EB417E /* Frameworks */,
				45111E8D1CE16A7B00EB417E /* Resources */,
			);
			buildRules = (
			);
			dependencies = (
				45111E911CE16A7B00EB417E /* PBXTargetDependency */,
			);
			name = ProjectTests;
			productName = ProjectTests;
			productReference = 45111E8F1CE16A7B00EB417E /* ProjectTests.xctest */;
			productType = "com.apple.product-type.bundle.unit-test";
		};
		45111E991CE16A7C00EB417E /* ProjectUITests */ = {
			isa = PBXNativeTarget;
			buildConfigurationList = 45111EA91CE16A7C00EB417E /* Build configuration list for PBXNativeTarget "ProjectUITests" */;
			buildPhases = (
				45111E961CE16A7C00EB417E /* Sources */,
				45111E971CE16A7C00EB417E /* Frameworks */,
				45111E981CE16A7C00EB417E /* Resources */,
			);
			buildRules = (
			);
			dependencies = (
				45111E9C1CE16A7C00EB417E /* PBXTargetDependency */,
			);
			name = ProjectUITests;
			productName = ProjectUITests;
			productReference = 45111E9A1CE16A7C00EB417E /* ProjectUITests.xctest */;
			productType = "com.apple.product-type.bundle.ui-testing";
		};
/* End PBXNativeTarget section */

/* Begin PBXProject section */
		45111E701CE16A7B00EB417E /* Project object */ = {
			isa = PBXProject;
			attributes = {
				LastSwiftUpdateCheck = 0730;
				LastUpgradeCheck = 0730;
				ORGANIZATIONNAME = PFei_He;
				TargetAttributes = {
					45111E771CE16A7B00EB417E = {
						CreatedOnToolsVersion = 7.3;
					};
					45111E8E1CE16A7B00EB417E = {
						CreatedOnToolsVersion = 7.3;
						TestTargetID = 45111E771CE16A7B00EB417E;
					};
					45111E991CE16A7C00EB417E = {
						CreatedOnToolsVersion = 7.3;
						TestTargetID = 45111E771CE16A7B00EB417E;
					};
				};
			};
			buildConfigurationList = 45111E731CE16A7B00EB417E /* Build configuration list for PBXProject "Project" */;
			compatibilityVersion = "Xcode 3.2";
			developmentRegion = English;
			hasScannedForEncodings = 0;
			knownRegions = (
				en,
				Base,
			);
			mainGroup = 45111E6F1CE16A7B00EB417E;
			productRefGroup = 45111E791CE16A7B00EB417E /* Products */;
			projectDirPath = "";
			projectRoot = "";
			targets = (
				45111E771CE16A7B00EB417E /* Project */,
				45111E8E1CE16A7B00EB417E /* ProjectTests */,
				45111E991CE16A7C00EB417E /* ProjectUITests */,
			);
		};
/* End PBXProject section */

/* Begin PBXResourcesBuildPhase section */
		45111E761CE16A7B00EB417E /* Resources */ = {
			isa = PBXResourcesBuildPhase;
			buildActionMask = 2147483647;
			files = (
				4520455C1CE16F9000924452 /* api.json in Resources */,
				45111E861CE16A7B00EB417E /* Assets.xcassets in Resources */,
				452045BB1CE1AE9E00924452 /* More.storyboard in Resources */,
				452045B71CE1AE9E00924452 /* Guide.storyboard in Resources */,
				452045BA1CE1AE9E00924452 /* Main.storyboard in Resources */,
				452045B91CE1AE9E00924452 /* LaunchScreen.storyboard in Resources */,
				452045B81CE1AE9E00924452 /* Home.storyboard in Resources */,
			);
			runOnlyForDeploymentPostprocessing = 0;
		};
		45111E8D1CE16A7B00EB417E /* Resources */ = {
			isa = PBXResourcesBuildPhase;
			buildActionMask = 2147483647;
			files = (
			);
			runOnlyForDeploymentPostprocessing = 0;
		};
		45111E981CE16A7C00EB417E /* Resources */ = {
			isa = PBXResourcesBuildPhase;
			buildActionMask = 2147483647;
			files = (
			);
			runOnlyForDeploymentPostprocessing = 0;
		};
/* End PBXResourcesBuildPhase section */

/* Begin PBXShellScriptBuildPhase section */
		66D338C9BE34501F4541384C /* 📦 Check Pods Manifest.lock */ = {
			isa = PBXShellScriptBuildPhase;
			buildActionMask = 2147483647;
			files = (
			);
			inputPaths = (
			);
			name = "📦 Check Pods Manifest.lock";
			outputPaths = (
			);
			runOnlyForDeploymentPostprocessing = 0;
			shellPath = /bin/sh;
			shellScript = "diff \"${PODS_ROOT}/../Podfile.lock\" \"${PODS_ROOT}/Manifest.lock\" > /dev/null\nif [[ $? != 0 ]] ; then\n    cat << EOM\nerror: The sandbox is not in sync with the Podfile.lock. Run 'pod install' or update your CocoaPods installation.\nEOM\n    exit 1\nfi\n";
			showEnvVarsInLog = 0;
		};
		A9A48157A4CF231B5128D2B4 /* 📦 Embed Pods Frameworks */ = {
			isa = PBXShellScriptBuildPhase;
			buildActionMask = 2147483647;
			files = (
			);
			inputPaths = (
			);
			name = "📦 Embed Pods Frameworks";
			outputPaths = (
			);
			runOnlyForDeploymentPostprocessing = 0;
			shellPath = /bin/sh;
			shellScript = "\"${SRCROOT}/Pods/Target Support Files/Pods-Project/Pods-Project-frameworks.sh\"\n";
			showEnvVarsInLog = 0;
		};
		C0C89312C7863327822D7EBA /* 📦 Copy Pods Resources */ = {
			isa = PBXShellScriptBuildPhase;
			buildActionMask = 2147483647;
			files = (
			);
			inputPaths = (
			);
			name = "📦 Copy Pods Resources";
			outputPaths = (
			);
			runOnlyForDeploymentPostprocessing = 0;
			shellPath = /bin/sh;
			shellScript = "\"${SRCROOT}/Pods/Target Support Files/Pods-Project/Pods-Project-resources.sh\"\n";
			showEnvVarsInLog = 0;
		};
/* End PBXShellScriptBuildPhase section */

/* Begin PBXSourcesBuildPhase section */
		45111E741CE16A7B00EB417E /* Sources */ = {
			isa = PBXSourcesBuildPhase;
			buildActionMask = 2147483647;
			files = (
				452045C91CE1AF8A00924452 /* MoreModel.swift in Sources */,
				4520458A1CE182C200924452 /* Api.swift in Sources */,
				452045901CE1839C00924452 /* UserSettings.swift in Sources */,
				452045681CE1775200924452 /* BaseTableViewController.swift in Sources */,
				452045641CE1764D00924452 /* BaseRequest.swift in Sources */,
				4520458C1CE1835400924452 /* Initialization.swift in Sources */,
				45111E7C1CE16A7B00EB417E /* AppDelegate.swift in Sources */,
				452045621CE175E500924452 /* DebugMode.swift in Sources */,
				4520455B1CE16F9000924452 /* Project.xcdatamodeld in Sources */,
				4520456A1CE1777000924452 /* BaseViewController.swift in Sources */,
				452045D31CE1AFB300924452 /* MoreTableViewController.swift in Sources */,
				452045D11CE1AFAC00924452 /* GuideViewController.swift in Sources */,
				452045CB1CE1AF9200924452 /* WeatherModel.swift in Sources */,
				452045CF1CE1AFA300924452 /* HomeViewController.swift in Sources */,
				4520456C1CE1799C00924452 /* BaseModel.swift in Sources */,
				452045CE1CE1AFA300924452 /* CityTableViewController.swift in Sources */,
				4520458E1CE1837800924452 /* Settings.swift in Sources */,
				452045661CE1773300924452 /* BaseCollectionViewController.swift in Sources */,
			);
			runOnlyForDeploymentPostprocessing = 0;
		};
		45111E8B1CE16A7B00EB417E /* Sources */ = {
			isa = PBXSourcesBuildPhase;
			buildActionMask = 2147483647;
			files = (
				45111E941CE16A7B00EB417E /* ProjectTests.swift in Sources */,
			);
			runOnlyForDeploymentPostprocessing = 0;
		};
		45111E961CE16A7C00EB417E /* Sources */ = {
			isa = PBXSourcesBuildPhase;
			buildActionMask = 2147483647;
			files = (
				45111E9F1CE16A7C00EB417E /* ProjectUITests.swift in Sources */,
			);
			runOnlyForDeploymentPostprocessing = 0;
		};
/* End PBXSourcesBuildPhase section */

/* Begin PBXTargetDependency section */
		45111E911CE16A7B00EB417E /* PBXTargetDependency */ = {
			isa = PBXTargetDependency;
			target = 45111E771CE16A7B00EB417E /* Project */;
			targetProxy = 45111E901CE16A7B00EB417E /* PBXContainerItemProxy */;
		};
		45111E9C1CE16A7C00EB417E /* PBXTargetDependency */ = {
			isa = PBXTargetDependency;
			target = 45111E771CE16A7B00EB417E /* Project */;
			targetProxy = 45111E9B1CE16A7C00EB417E /* PBXContainerItemProxy */;
		};
/* End PBXTargetDependency section */

/* Begin PBXVariantGroup section */
		452045A71CE1AE9E00924452 /* Guide.storyboard */ = {
			isa = PBXVariantGroup;
			children = (
				452045A81CE1AE9E00924452 /* Base */,
			);
			name = Guide.storyboard;
			sourceTree = "<group>";
		};
		452045A91CE1AE9E00924452 /* Home.storyboard */ = {
			isa = PBXVariantGroup;
			children = (
				452045AA1CE1AE9E00924452 /* Base */,
			);
			name = Home.storyboard;
			sourceTree = "<group>";
		};
		452045AB1CE1AE9E00924452 /* LaunchScreen.storyboard */ = {
			isa = PBXVariantGroup;
			children = (
				452045AC1CE1AE9E00924452 /* Base */,
			);
			name = LaunchScreen.storyboard;
			sourceTree = "<group>";
		};
		452045AD1CE1AE9E00924452 /* Main.storyboard */ = {
			isa = PBXVariantGroup;
			children = (
				452045AE1CE1AE9E00924452 /* Base */,
			);
			name = Main.storyboard;
			sourceTree = "<group>";
		};
		452045AF1CE1AE9E00924452 /* More.storyboard */ = {
			isa = PBXVariantGroup;
			children = (
				452045B01CE1AE9E00924452 /* Base */,
			);
			name = More.storyboard;
			sourceTree = "<group>";
		};
/* End PBXVariantGroup section */

/* Begin XCBuildConfiguration section */
		45111EA11CE16A7C00EB417E /* Debug */ = {
			isa = XCBuildConfiguration;
			buildSettings = {
				ALWAYS_SEARCH_USER_PATHS = NO;
				CLANG_ANALYZER_NONNULL = YES;
				CLANG_CXX_LANGUAGE_STANDARD = "gnu++0x";
				CLANG_CXX_LIBRARY = "libc++";
				CLANG_ENABLE_MODULES = YES;
				CLANG_ENABLE_OBJC_ARC = YES;
				CLANG_WARN_BOOL_CONVERSION = YES;
				CLANG_WARN_CONSTANT_CONVERSION = YES;
				CLANG_WARN_DIRECT_OBJC_ISA_USAGE = YES_ERROR;
				CLANG_WARN_EMPTY_BODY = YES;
				CLANG_WARN_ENUM_CONVERSION = YES;
				CLANG_WARN_INT_CONVERSION = YES;
				CLANG_WARN_OBJC_ROOT_CLASS = YES_ERROR;
				CLANG_WARN_UNREACHABLE_CODE = YES;
				CLANG_WARN__DUPLICATE_METHOD_MATCH = YES;
				"CODE_SIGN_IDENTITY[sdk=iphoneos*]" = "iPhone Developer";
				COPY_PHASE_STRIP = NO;
				DEBUG_INFORMATION_FORMAT = dwarf;
				ENABLE_STRICT_OBJC_MSGSEND = YES;
				ENABLE_TESTABILITY = YES;
				GCC_C_LANGUAGE_STANDARD = gnu99;
				GCC_DYNAMIC_NO_PIC = NO;
				GCC_NO_COMMON_BLOCKS = YES;
				GCC_OPTIMIZATION_LEVEL = 0;
				GCC_PREPROCESSOR_DEFINITIONS = (
					"DEBUG=1",
					"$(inherited)",
				);
				GCC_WARN_64_TO_32_BIT_CONVERSION = YES;
				GCC_WARN_ABOUT_RETURN_TYPE = YES_ERROR;
				GCC_WARN_UNDECLARED_SELECTOR = YES;
				GCC_WARN_UNINITIALIZED_AUTOS = YES_AGGRESSIVE;
				GCC_WARN_UNUSED_FUNCTION = YES;
				GCC_WARN_UNUSED_VARIABLE = YES;
				IPHONEOS_DEPLOYMENT_TARGET = 9.3;
				MTL_ENABLE_DEBUG_INFO = YES;
				ONLY_ACTIVE_ARCH = YES;
				SDKROOT = iphoneos;
				SWIFT_OPTIMIZATION_LEVEL = "-Onone";
				TARGETED_DEVICE_FAMILY = "1,2";
			};
			name = Debug;
		};
		45111EA21CE16A7C00EB417E /* Release */ = {
			isa = XCBuildConfiguration;
			buildSettings = {
				ALWAYS_SEARCH_USER_PATHS = NO;
				CLANG_ANALYZER_NONNULL = YES;
				CLANG_CXX_LANGUAGE_STANDARD = "gnu++0x";
				CLANG_CXX_LIBRARY = "libc++";
				CLANG_ENABLE_MODULES = YES;
				CLANG_ENABLE_OBJC_ARC = YES;
				CLANG_WARN_BOOL_CONVERSION = YES;
				CLANG_WARN_CONSTANT_CONVERSION = YES;
				CLANG_WARN_DIRECT_OBJC_ISA_USAGE = YES_ERROR;
				CLANG_WARN_EMPTY_BODY = YES;
				CLANG_WARN_ENUM_CONVERSION = YES;
				CLANG_WARN_INT_CONVERSION = YES;
				CLANG_WARN_OBJC_ROOT_CLASS = YES_ERROR;
				CLANG_WARN_UNREACHABLE_CODE = YES;
				CLANG_WARN__DUPLICATE_METHOD_MATCH = YES;
				"CODE_SIGN_IDENTITY[sdk=iphoneos*]" = "iPhone Developer";
				COPY_PHASE_STRIP = NO;
				DEBUG_INFORMATION_FORMAT = "dwarf-with-dsym";
				ENABLE_NS_ASSERTIONS = NO;
				ENABLE_STRICT_OBJC_MSGSEND = YES;
				GCC_C_LANGUAGE_STANDARD = gnu99;
				GCC_NO_COMMON_BLOCKS = YES;
				GCC_WARN_64_TO_32_BIT_CONVERSION = YES;
				GCC_WARN_ABOUT_RETURN_TYPE = YES_ERROR;
				GCC_WARN_UNDECLARED_SELECTOR = YES;
				GCC_WARN_UNINITIALIZED_AUTOS = YES_AGGRESSIVE;
				GCC_WARN_UNUSED_FUNCTION = YES;
				GCC_WARN_UNUSED_VARIABLE = YES;
				IPHONEOS_DEPLOYMENT_TARGET = 9.3;
				MTL_ENABLE_DEBUG_INFO = NO;
				SDKROOT = iphoneos;
				TARGETED_DEVICE_FAMILY = "1,2";
				VALIDATE_PRODUCT = YES;
			};
			name = Release;
		};
		45111EA41CE16A7C00EB417E /* Debug */ = {
			isa = XCBuildConfiguration;
			baseConfigurationReference = E6F746C0BE4D211B5D36486E /* Pods-Project.debug.xcconfig */;
			buildSettings = {
				ASSETCATALOG_COMPILER_APPICON_NAME = AppIcon;
				INFOPLIST_FILE = Project/Info.plist;
				LD_RUNPATH_SEARCH_PATHS = "$(inherited) @executable_path/Frameworks";
				PRODUCT_BUNDLE_IDENTIFIER = "com.PF-Lib.Project";
				PRODUCT_NAME = "$(TARGET_NAME)";
			};
			name = Debug;
		};
		45111EA51CE16A7C00EB417E /* Release */ = {
			isa = XCBuildConfiguration;
			baseConfigurationReference = 6C01244B93C95A91CEE06A28 /* Pods-Project.release.xcconfig */;
			buildSettings = {
				ASSETCATALOG_COMPILER_APPICON_NAME = AppIcon;
				INFOPLIST_FILE = Project/Info.plist;
				LD_RUNPATH_SEARCH_PATHS = "$(inherited) @executable_path/Frameworks";
				PRODUCT_BUNDLE_IDENTIFIER = "com.PF-Lib.Project";
				PRODUCT_NAME = "$(TARGET_NAME)";
			};
			name = Release;
		};
		45111EA71CE16A7C00EB417E /* Debug */ = {
			isa = XCBuildConfiguration;
			buildSettings = {
				BUNDLE_LOADER = "$(TEST_HOST)";
				INFOPLIST_FILE = ProjectTests/Info.plist;
				LD_RUNPATH_SEARCH_PATHS = "$(inherited) @executable_path/Frameworks @loader_path/Frameworks";
				PRODUCT_BUNDLE_IDENTIFIER = "com.PF-Lib.ProjectTests";
				PRODUCT_NAME = "$(TARGET_NAME)";
				TEST_HOST = "$(BUILT_PRODUCTS_DIR)/Project.app/Project";
			};
			name = Debug;
		};
		45111EA81CE16A7C00EB417E /* Release */ = {
			isa = XCBuildConfiguration;
			buildSettings = {
				BUNDLE_LOADER = "$(TEST_HOST)";
				INFOPLIST_FILE = ProjectTests/Info.plist;
				LD_RUNPATH_SEARCH_PATHS = "$(inherited) @executable_path/Frameworks @loader_path/Frameworks";
				PRODUCT_BUNDLE_IDENTIFIER = "com.PF-Lib.ProjectTests";
				PRODUCT_NAME = "$(TARGET_NAME)";
				TEST_HOST = "$(BUILT_PRODUCTS_DIR)/Project.app/Project";
			};
			name = Release;
		};
		45111EAA1CE16A7C00EB417E /* Debug */ = {
			isa = XCBuildConfiguration;
			buildSettings = {
				INFOPLIST_FILE = ProjectUITests/Info.plist;
				LD_RUNPATH_SEARCH_PATHS = "$(inherited) @executable_path/Frameworks @loader_path/Frameworks";
				PRODUCT_BUNDLE_IDENTIFIER = "com.PF-Lib.ProjectUITests";
				PRODUCT_NAME = "$(TARGET_NAME)";
				TEST_TARGET_NAME = Project;
			};
			name = Debug;
		};
		45111EAB1CE16A7C00EB417E /* Release */ = {
			isa = XCBuildConfiguration;
			buildSettings = {
				INFOPLIST_FILE = ProjectUITests/Info.plist;
				LD_RUNPATH_SEARCH_PATHS = "$(inherited) @executable_path/Frameworks @loader_path/Frameworks";
				PRODUCT_BUNDLE_IDENTIFIER = "com.PF-Lib.ProjectUITests";
				PRODUCT_NAME = "$(TARGET_NAME)";
				TEST_TARGET_NAME = Project;
			};
			name = Release;
		};
/* End XCBuildConfiguration section */

/* Begin XCConfigurationList section */
		45111E731CE16A7B00EB417E /* Build configuration list for PBXProject "Project" */ = {
			isa = XCConfigurationList;
			buildConfigurations = (
				45111EA11CE16A7C00EB417E /* Debug */,
				45111EA21CE16A7C00EB417E /* Release */,
			);
			defaultConfigurationIsVisible = 0;
			defaultConfigurationName = Release;
		};
		45111EA31CE16A7C00EB417E /* Build configuration list for PBXNativeTarget "Project" */ = {
			isa = XCConfigurationList;
			buildConfigurations = (
				45111EA41CE16A7C00EB417E /* Debug */,
				45111EA51CE16A7C00EB417E /* Release */,
			);
			defaultConfigurationIsVisible = 0;
			defaultConfigurationName = Release;
		};
		45111EA61CE16A7C00EB417E /* Build configuration list for PBXNativeTarget "ProjectTests" */ = {
			isa = XCConfigurationList;
			buildConfigurations = (
				45111EA71CE16A7C00EB417E /* Debug */,
				45111EA81CE16A7C00EB417E /* Release */,
			);
			defaultConfigurationIsVisible = 0;
			defaultConfigurationName = Release;
		};
		45111EA91CE16A7C00EB417E /* Build configuration list for PBXNativeTarget "ProjectUITests" */ = {
			isa = XCConfigurationList;
			buildConfigurations = (
				45111EAA1CE16A7C00EB417E /* Debug */,
				45111EAB1CE16A7C00EB417E /* Release */,
			);
			defaultConfigurationIsVisible = 0;
			defaultConfigurationName = Release;
		};
/* End XCConfigurationList section */

/* Begin XCVersionGroup section */
		452045511CE16F9000924452 /* Project.xcdatamodeld */ = {
			isa = XCVersionGroup;
			children = (
				452045521CE16F9000924452 /* Project.xcdatamodel */,
			);
			currentVersion = 452045521CE16F9000924452 /* Project.xcdatamodel */;
			path = Project.xcdatamodeld;
			sourceTree = "<group>";
			versionGroupType = wrapper.xcdatamodel;
		};
/* End XCVersionGroup section */
	};
	rootObject = 45111E701CE16A7B00EB417E /* Project object */;
}
